// !$*UTF8*$!
{
	archiveVersion = 1;
	classes = {
	};
	objectVersion = 54;
	objects = {

/* Begin PBXAggregateTarget section */
		EA0BD72026F236EA00E4AF57 /* podspec */ = {
			isa = PBXAggregateTarget;
			buildConfigurationList = EA0BD72126F236EA00E4AF57 /* Build configuration list for PBXAggregateTarget "podspec" */;
			buildPhases = (
				EA0BD72426F236EE00E4AF57 /* ShellScript */,
			);
			dependencies = (
			);
			name = podspec;
			productName = podspec;
		};
/* End PBXAggregateTarget section */

/* Begin PBXBuildFile section */
		AC51E52AB348334BC5955DAA /* Pods_WatchFaceDumper.framework in Frameworks */ = {isa = PBXBuildFile; fileRef = 54880CF96D784246956151A8 /* Pods_WatchFaceDumper.framework */; };
		EA23D87F24FFF39F009A80D4 /* Watchface.swift in Sources */ = {isa = PBXBuildFile; fileRef = EA23D87E24FFF39F009A80D4 /* Watchface.swift */; };
		EA4D31BA24FFE37100104A33 /* AppDelegate.swift in Sources */ = {isa = PBXBuildFile; fileRef = EA4D31B924FFE37100104A33 /* AppDelegate.swift */; };
		EA4D31BC24FFE37100104A33 /* ViewController.swift in Sources */ = {isa = PBXBuildFile; fileRef = EA4D31BB24FFE37100104A33 /* ViewController.swift */; };
		EA4D31BE24FFE37100104A33 /* Document.swift in Sources */ = {isa = PBXBuildFile; fileRef = EA4D31BD24FFE37100104A33 /* Document.swift */; };
		EA4D31C024FFE37200104A33 /* Assets.xcassets in Resources */ = {isa = PBXBuildFile; fileRef = EA4D31BF24FFE37200104A33 /* Assets.xcassets */; };
		EA4D31C324FFE37200104A33 /* Main.storyboard in Resources */ = {isa = PBXBuildFile; fileRef = EA4D31C124FFE37200104A33 /* Main.storyboard */; };
		EA4E96F92512642D008D822B /* ImageItemRowView.swift in Sources */ = {isa = PBXBuildFile; fileRef = EA4E96F82512642D008D822B /* ImageItemRowView.swift */; };
		EA4E96FC25126454008D822B /* EditableAVPlayerView.swift in Sources */ = {isa = PBXBuildFile; fileRef = EA4E96FB25126454008D822B /* EditableAVPlayerView.swift */; };
		EA4E9700251267B5008D822B /* WindowController.swift in Sources */ = {isa = PBXBuildFile; fileRef = EA4E96FF251267B5008D822B /* WindowController.swift */; };
		EA52949E2520DAA400CE938E /* PhotosWatchface.swift in Sources */ = {isa = PBXBuildFile; fileRef = EA52949D2520DAA400CE938E /* PhotosWatchface.swift */; };
		EA76F8D3251B906800B395EC /* ImageListOutlineViewModel.swift in Sources */ = {isa = PBXBuildFile; fileRef = EA76F8D2251B906800B395EC /* ImageListOutlineViewModel.swift */; };
		EA76F8D8251B94E700B395EC /* MetadataViewModel.swift in Sources */ = {isa = PBXBuildFile; fileRef = EA76F8D7251B94E700B395EC /* MetadataViewModel.swift */; };
		EA9D41252520BE8900838E68 /* ComplicationTemplate.swift in Sources */ = {isa = PBXBuildFile; fileRef = EA9D41242520BE8900838E68 /* ComplicationTemplate.swift */; };
		EA9D41292520BEE000838E68 /* TextProvider.swift in Sources */ = {isa = PBXBuildFile; fileRef = EA9D41282520BEE000838E68 /* TextProvider.swift */; };
		EA9D412C2520BF5100838E68 /* ImageProvider.swift in Sources */ = {isa = PBXBuildFile; fileRef = EA9D412B2520BF5100838E68 /* ImageProvider.swift */; };
		EA9D412F2520BF5700838E68 /* GaugeProvider.swift in Sources */ = {isa = PBXBuildFile; fileRef = EA9D412E2520BF5700838E68 /* GaugeProvider.swift */; };
		EA9D41322520BFB800838E68 /* Metadata.swift in Sources */ = {isa = PBXBuildFile; fileRef = EA9D41312520BFB800838E68 /* Metadata.swift */; };
		EA9D41352520BFD300838E68 /* Face.swift in Sources */ = {isa = PBXBuildFile; fileRef = EA9D41342520BFD300838E68 /* Face.swift */; };
		EA9D41382520C00800838E68 /* Resources.swift in Sources */ = {isa = PBXBuildFile; fileRef = EA9D41372520C00800838E68 /* Resources.swift */; };
		EA9D41442520C11A00838E68 /* Watchface+FileWrapper.swift in Sources */ = {isa = PBXBuildFile; fileRef = EA9D41432520C11A00838E68 /* Watchface+FileWrapper.swift */; };
		EA9D8B7527E36AB5002917A9 /* NewDocumentViewController.swift in Sources */ = {isa = PBXBuildFile; fileRef = EA9D8B7427E36AB5002917A9 /* NewDocumentViewController.swift */; };
		EAA4F2912744F57900AE226B /* PortraitWatchface.swift in Sources */ = {isa = PBXBuildFile; fileRef = EAA4F2902744F57900AE226B /* PortraitWatchface.swift */; };
		EAD954F1256E7D5D004EBB02 /* EditableImageView.swift in Sources */ = {isa = PBXBuildFile; fileRef = EAD954F0256E7D5D004EBB02 /* EditableImageView.swift */; };
/* End PBXBuildFile section */

/* Begin PBXFileReference section */
		2EC06F9B603664543852B042 /* Pods-WatchFaceDumper.debug.xcconfig */ = {isa = PBXFileReference; includeInIndex = 1; lastKnownFileType = text.xcconfig; name = "Pods-WatchFaceDumper.debug.xcconfig"; path = "Target Support Files/Pods-WatchFaceDumper/Pods-WatchFaceDumper.debug.xcconfig"; sourceTree = "<group>"; };
		54880CF96D784246956151A8 /* Pods_WatchFaceDumper.framework */ = {isa = PBXFileReference; explicitFileType = wrapper.framework; includeInIndex = 0; path = Pods_WatchFaceDumper.framework; sourceTree = BUILT_PRODUCTS_DIR; };
		EA23D87E24FFF39F009A80D4 /* Watchface.swift */ = {isa = PBXFileReference; lastKnownFileType = sourcecode.swift; path = Watchface.swift; sourceTree = "<group>"; };
		EA4D31B624FFE37100104A33 /* WatchFaceDumper.app */ = {isa = PBXFileReference; explicitFileType = wrapper.application; includeInIndex = 0; path = WatchFaceDumper.app; sourceTree = BUILT_PRODUCTS_DIR; };
		EA4D31B924FFE37100104A33 /* AppDelegate.swift */ = {isa = PBXFileReference; lastKnownFileType = sourcecode.swift; path = AppDelegate.swift; sourceTree = "<group>"; };
		EA4D31BB24FFE37100104A33 /* ViewController.swift */ = {isa = PBXFileReference; lastKnownFileType = sourcecode.swift; path = ViewController.swift; sourceTree = "<group>"; };
		EA4D31BD24FFE37100104A33 /* Document.swift */ = {isa = PBXFileReference; lastKnownFileType = sourcecode.swift; path = Document.swift; sourceTree = "<group>"; };
		EA4D31BF24FFE37200104A33 /* Assets.xcassets */ = {isa = PBXFileReference; lastKnownFileType = folder.assetcatalog; path = Assets.xcassets; sourceTree = "<group>"; };
		EA4D31C224FFE37200104A33 /* Base */ = {isa = PBXFileReference; lastKnownFileType = file.storyboard; name = Base; path = Base.lproj/Main.storyboard; sourceTree = "<group>"; };
		EA4D31C424FFE37200104A33 /* Info.plist */ = {isa = PBXFileReference; lastKnownFileType = text.plist.xml; path = Info.plist; sourceTree = "<group>"; };
		EA4D31C524FFE37200104A33 /* WatchFaceDumper.entitlements */ = {isa = PBXFileReference; lastKnownFileType = text.plist.entitlements; path = WatchFaceDumper.entitlements; sourceTree = "<group>"; };
		EA4E96F82512642D008D822B /* ImageItemRowView.swift */ = {isa = PBXFileReference; lastKnownFileType = sourcecode.swift; path = ImageItemRowView.swift; sourceTree = "<group>"; };
		EA4E96FB25126454008D822B /* EditableAVPlayerView.swift */ = {isa = PBXFileReference; lastKnownFileType = sourcecode.swift; path = EditableAVPlayerView.swift; sourceTree = "<group>"; };
		EA4E96FF251267B5008D822B /* WindowController.swift */ = {isa = PBXFileReference; lastKnownFileType = sourcecode.swift; path = WindowController.swift; sourceTree = "<group>"; };
		EA52949D2520DAA400CE938E /* PhotosWatchface.swift */ = {isa = PBXFileReference; lastKnownFileType = sourcecode.swift; path = PhotosWatchface.swift; sourceTree = "<group>"; };
		EA76F8D2251B906800B395EC /* ImageListOutlineViewModel.swift */ = {isa = PBXFileReference; lastKnownFileType = sourcecode.swift; path = ImageListOutlineViewModel.swift; sourceTree = "<group>"; };
		EA76F8D7251B94E700B395EC /* MetadataViewModel.swift */ = {isa = PBXFileReference; lastKnownFileType = sourcecode.swift; path = MetadataViewModel.swift; sourceTree = "<group>"; };
		EA9D41242520BE8900838E68 /* ComplicationTemplate.swift */ = {isa = PBXFileReference; lastKnownFileType = sourcecode.swift; path = ComplicationTemplate.swift; sourceTree = "<group>"; };
		EA9D41282520BEE000838E68 /* TextProvider.swift */ = {isa = PBXFileReference; lastKnownFileType = sourcecode.swift; path = TextProvider.swift; sourceTree = "<group>"; };
		EA9D412B2520BF5100838E68 /* ImageProvider.swift */ = {isa = PBXFileReference; lastKnownFileType = sourcecode.swift; path = ImageProvider.swift; sourceTree = "<group>"; };
		EA9D412E2520BF5700838E68 /* GaugeProvider.swift */ = {isa = PBXFileReference; lastKnownFileType = sourcecode.swift; path = GaugeProvider.swift; sourceTree = "<group>"; };
		EA9D41312520BFB800838E68 /* Metadata.swift */ = {isa = PBXFileReference; lastKnownFileType = sourcecode.swift; path = Metadata.swift; sourceTree = "<group>"; };
		EA9D41342520BFD300838E68 /* Face.swift */ = {isa = PBXFileReference; lastKnownFileType = sourcecode.swift; path = Face.swift; sourceTree = "<group>"; };
		EA9D41372520C00800838E68 /* Resources.swift */ = {isa = PBXFileReference; lastKnownFileType = sourcecode.swift; path = Resources.swift; sourceTree = "<group>"; };
		EA9D41432520C11A00838E68 /* Watchface+FileWrapper.swift */ = {isa = PBXFileReference; lastKnownFileType = sourcecode.swift; path = "Watchface+FileWrapper.swift"; sourceTree = "<group>"; };
		EA9D8B7427E36AB5002917A9 /* NewDocumentViewController.swift */ = {isa = PBXFileReference; lastKnownFileType = sourcecode.swift; path = NewDocumentViewController.swift; sourceTree = "<group>"; };
		EAA4F2902744F57900AE226B /* PortraitWatchface.swift */ = {isa = PBXFileReference; lastKnownFileType = sourcecode.swift; path = PortraitWatchface.swift; sourceTree = "<group>"; };
		EAD954F0256E7D5D004EBB02 /* EditableImageView.swift */ = {isa = PBXFileReference; lastKnownFileType = sourcecode.swift; path = EditableImageView.swift; sourceTree = "<group>"; };
		FE8E86D8C8D1F1C494C8E5E4 /* Pods-WatchFaceDumper.release.xcconfig */ = {isa = PBXFileReference; includeInIndex = 1; lastKnownFileType = text.xcconfig; name = "Pods-WatchFaceDumper.release.xcconfig"; path = "Target Support Files/Pods-WatchFaceDumper/Pods-WatchFaceDumper.release.xcconfig"; sourceTree = "<group>"; };
/* End PBXFileReference section */

/* Begin PBXFrameworksBuildPhase section */
		EA4D31B324FFE37100104A33 /* Frameworks */ = {
			isa = PBXFrameworksBuildPhase;
			buildActionMask = 2147483647;
			files = (
				AC51E52AB348334BC5955DAA /* Pods_WatchFaceDumper.framework in Frameworks */,
			);
			runOnlyForDeploymentPostprocessing = 0;
		};
/* End PBXFrameworksBuildPhase section */

/* Begin PBXGroup section */
		8E45C27CF3A17723C9BB6E7E /* Pods */ = {
			isa = PBXGroup;
			children = (
				2EC06F9B603664543852B042 /* Pods-WatchFaceDumper.debug.xcconfig */,
				FE8E86D8C8D1F1C494C8E5E4 /* Pods-WatchFaceDumper.release.xcconfig */,
			);
			path = Pods;
			sourceTree = "<group>";
		};
		970F6C4464A3AF606413EFCC /* Frameworks */ = {
			isa = PBXGroup;
			children = (
				54880CF96D784246956151A8 /* Pods_WatchFaceDumper.framework */,
			);
			name = Frameworks;
			sourceTree = "<group>";
		};
		EA4D31AD24FFE37100104A33 = {
			isa = PBXGroup;
			children = (
				EA4D31B824FFE37100104A33 /* WatchFaceDumper */,
				EA9D41232520BE6D00838E68 /* Watchface */,
				EA4D31B724FFE37100104A33 /* Products */,
				8E45C27CF3A17723C9BB6E7E /* Pods */,
				970F6C4464A3AF606413EFCC /* Frameworks */,
			);
			sourceTree = "<group>";
		};
		EA4D31B724FFE37100104A33 /* Products */ = {
			isa = PBXGroup;
			children = (
				EA4D31B624FFE37100104A33 /* WatchFaceDumper.app */,
			);
			name = Products;
			sourceTree = "<group>";
		};
		EA4D31B824FFE37100104A33 /* WatchFaceDumper */ = {
			isa = PBXGroup;
			children = (
				EA4D31B924FFE37100104A33 /* AppDelegate.swift */,
				EA9D8B7427E36AB5002917A9 /* NewDocumentViewController.swift */,
				EA4E96FF251267B5008D822B /* WindowController.swift */,
				EA4D31BB24FFE37100104A33 /* ViewController.swift */,
				EA4E96F82512642D008D822B /* ImageItemRowView.swift */,
				EAD954F0256E7D5D004EBB02 /* EditableImageView.swift */,
				EA4E96FB25126454008D822B /* EditableAVPlayerView.swift */,
				EA76F8D2251B906800B395EC /* ImageListOutlineViewModel.swift */,
				EA76F8D7251B94E700B395EC /* MetadataViewModel.swift */,
				EA4D31BD24FFE37100104A33 /* Document.swift */,
				EA4D31BF24FFE37200104A33 /* Assets.xcassets */,
				EA4D31C124FFE37200104A33 /* Main.storyboard */,
				EA4D31C424FFE37200104A33 /* Info.plist */,
				EA4D31C524FFE37200104A33 /* WatchFaceDumper.entitlements */,
			);
			path = WatchFaceDumper;
			sourceTree = "<group>";
		};
		EA52949C2520DA6D00CE938E /* SpecificWatchfaces */ = {
			isa = PBXGroup;
			children = (
				EA52949D2520DAA400CE938E /* PhotosWatchface.swift */,
				EAA4F2902744F57900AE226B /* PortraitWatchface.swift */,
			);
			path = SpecificWatchfaces;
			sourceTree = "<group>";
		};
		EA9D41232520BE6D00838E68 /* Watchface */ = {
			isa = PBXGroup;
			children = (
				EA23D87E24FFF39F009A80D4 /* Watchface.swift */,
				EA9D41312520BFB800838E68 /* Metadata.swift */,
				EA9D41342520BFD300838E68 /* Face.swift */,
				EA9D41372520C00800838E68 /* Resources.swift */,
				EA9D41552520C33400838E68 /* ComplicationTemplate */,
				EA9D41432520C11A00838E68 /* Watchface+FileWrapper.swift */,
				EA52949C2520DA6D00CE938E /* SpecificWatchfaces */,
			);
			path = Watchface;
			sourceTree = "<group>";
		};
		EA9D41552520C33400838E68 /* ComplicationTemplate */ = {
			isa = PBXGroup;
			children = (
				EA9D41242520BE8900838E68 /* ComplicationTemplate.swift */,
				EA9D41282520BEE000838E68 /* TextProvider.swift */,
				EA9D412B2520BF5100838E68 /* ImageProvider.swift */,
				EA9D412E2520BF5700838E68 /* GaugeProvider.swift */,
			);
			path = ComplicationTemplate;
			sourceTree = "<group>";
		};
/* End PBXGroup section */

/* Begin PBXNativeTarget section */
		EA4D31B524FFE37100104A33 /* WatchFaceDumper */ = {
			isa = PBXNativeTarget;
			buildConfigurationList = EA4D31C824FFE37200104A33 /* Build configuration list for PBXNativeTarget "WatchFaceDumper" */;
			buildPhases = (
				270CFC7E80C227C99839F39A /* [CP] Check Pods Manifest.lock */,
				EA4D31B224FFE37100104A33 /* Sources */,
				EA4D31B324FFE37100104A33 /* Frameworks */,
				EA4D31B424FFE37100104A33 /* Resources */,
				D382BC723F16F16518045704 /* [CP] Embed Pods Frameworks */,
			);
			buildRules = (
			);
			dependencies = (
			);
			name = WatchFaceDumper;
			productName = WatchFaceDumper;
			productReference = EA4D31B624FFE37100104A33 /* WatchFaceDumper.app */;
			productType = "com.apple.product-type.application";
		};
/* End PBXNativeTarget section */

/* Begin PBXProject section */
		EA4D31AE24FFE37100104A33 /* Project object */ = {
			isa = PBXProject;
			attributes = {
				BuildIndependentTargetsInParallel = YES;
				LastSwiftUpdateCheck = 1200;
				LastUpgradeCheck = 1430;
				TargetAttributes = {
					EA0BD72026F236EA00E4AF57 = {
						CreatedOnToolsVersion = 13.0;
					};
					EA4D31B524FFE37100104A33 = {
						CreatedOnToolsVersion = 12.0;
					};
				};
			};
			buildConfigurationList = EA4D31B124FFE37100104A33 /* Build configuration list for PBXProject "WatchFaceDumper" */;
			compatibilityVersion = "Xcode 9.3";
			developmentRegion = en;
			hasScannedForEncodings = 0;
			knownRegions = (
				en,
				Base,
			);
			mainGroup = EA4D31AD24FFE37100104A33;
			productRefGroup = EA4D31B724FFE37100104A33 /* Products */;
			projectDirPath = "";
			projectRoot = "";
			targets = (
				EA4D31B524FFE37100104A33 /* WatchFaceDumper */,
				EA0BD72026F236EA00E4AF57 /* podspec */,
			);
		};
/* End PBXProject section */

/* Begin PBXResourcesBuildPhase section */
		EA4D31B424FFE37100104A33 /* Resources */ = {
			isa = PBXResourcesBuildPhase;
			buildActionMask = 2147483647;
			files = (
				EA4D31C024FFE37200104A33 /* Assets.xcassets in Resources */,
				EA4D31C324FFE37200104A33 /* Main.storyboard in Resources */,
			);
			runOnlyForDeploymentPostprocessing = 0;
		};
/* End PBXResourcesBuildPhase section */

/* Begin PBXShellScriptBuildPhase section */
		270CFC7E80C227C99839F39A /* [CP] Check Pods Manifest.lock */ = {
			isa = PBXShellScriptBuildPhase;
			buildActionMask = 2147483647;
			files = (
			);
			inputFileListPaths = (
			);
			inputPaths = (
				"${PODS_PODFILE_DIR_PATH}/Podfile.lock",
				"${PODS_ROOT}/Manifest.lock",
			);
			name = "[CP] Check Pods Manifest.lock";
			outputFileListPaths = (
			);
			outputPaths = (
				"$(DERIVED_FILE_DIR)/Pods-WatchFaceDumper-checkManifestLockResult.txt",
			);
			runOnlyForDeploymentPostprocessing = 0;
			shellPath = /bin/sh;
			shellScript = "diff \"${PODS_PODFILE_DIR_PATH}/Podfile.lock\" \"${PODS_ROOT}/Manifest.lock\" > /dev/null\nif [ $? != 0 ] ; then\n    # print error to STDERR\n    echo \"error: The sandbox is not in sync with the Podfile.lock. Run 'pod install' or update your CocoaPods installation.\" >&2\n    exit 1\nfi\n# This output is used by Xcode 'outputs' to avoid re-running this script phase.\necho \"SUCCESS\" > \"${SCRIPT_OUTPUT_FILE_0}\"\n";
			showEnvVarsInLog = 0;
		};
		D382BC723F16F16518045704 /* [CP] Embed Pods Frameworks */ = {
			isa = PBXShellScriptBuildPhase;
			buildActionMask = 2147483647;
			files = (
			);
			inputFileListPaths = (
				"${PODS_ROOT}/Target Support Files/Pods-WatchFaceDumper/Pods-WatchFaceDumper-frameworks-${CONFIGURATION}-input-files.xcfilelist",
			);
			name = "[CP] Embed Pods Frameworks";
			outputFileListPaths = (
				"${PODS_ROOT}/Target Support Files/Pods-WatchFaceDumper/Pods-WatchFaceDumper-frameworks-${CONFIGURATION}-output-files.xcfilelist",
			);
			runOnlyForDeploymentPostprocessing = 0;
			shellPath = /bin/sh;
			shellScript = "\"${PODS_ROOT}/Target Support Files/Pods-WatchFaceDumper/Pods-WatchFaceDumper-frameworks.sh\"\n";
			showEnvVarsInLog = 0;
		};
		EA0BD72426F236EE00E4AF57 /* ShellScript */ = {
			isa = PBXShellScriptBuildPhase;
			alwaysOutOfDate = 1;
			buildActionMask = 2147483647;
			files = (
			);
			inputFileListPaths = (
			);
			inputPaths = (
			);
			outputFileListPaths = (
			);
			outputPaths = (
			);
			runOnlyForDeploymentPostprocessing = 0;
			shellPath = /bin/zsh;
			shellScript = "set -ex\n\nif [[ $CI ]];\nthen\n    echo \"pod lib lint should already be performed in ci_scripts/ci_pre_xcodebuild.sh\";\nelse\n    bundle exec pod lib lint --private # workaround for: - WARN  | url: There was a problem validating the URL\nfi\n";
		};
/* End PBXShellScriptBuildPhase section */

/* Begin PBXSourcesBuildPhase section */
		EA4D31B224FFE37100104A33 /* Sources */ = {
			isa = PBXSourcesBuildPhase;
			buildActionMask = 2147483647;
			files = (
				EA9D41322520BFB800838E68 /* Metadata.swift in Sources */,
				EA23D87F24FFF39F009A80D4 /* Watchface.swift in Sources */,
				EA9D41252520BE8900838E68 /* ComplicationTemplate.swift in Sources */,
				EA4E96F92512642D008D822B /* ImageItemRowView.swift in Sources */,
				EA9D41442520C11A00838E68 /* Watchface+FileWrapper.swift in Sources */,
				EA9D8B7527E36AB5002917A9 /* NewDocumentViewController.swift in Sources */,
				EA4E96FC25126454008D822B /* EditableAVPlayerView.swift in Sources */,
				EA9D41382520C00800838E68 /* Resources.swift in Sources */,
				EA4E9700251267B5008D822B /* WindowController.swift in Sources */,
				EA4D31BC24FFE37100104A33 /* ViewController.swift in Sources */,
				EA52949E2520DAA400CE938E /* PhotosWatchface.swift in Sources */,
				EA9D41352520BFD300838E68 /* Face.swift in Sources */,
				EA9D412F2520BF5700838E68 /* GaugeProvider.swift in Sources */,
				EA4D31BA24FFE37100104A33 /* AppDelegate.swift in Sources */,
				EA9D41292520BEE000838E68 /* TextProvider.swift in Sources */,
				EAD954F1256E7D5D004EBB02 /* EditableImageView.swift in Sources */,
				EA9D412C2520BF5100838E68 /* ImageProvider.swift in Sources */,
				EA76F8D8251B94E700B395EC /* MetadataViewModel.swift in Sources */,
				EAA4F2912744F57900AE226B /* PortraitWatchface.swift in Sources */,
				EA4D31BE24FFE37100104A33 /* Document.swift in Sources */,
				EA76F8D3251B906800B395EC /* ImageListOutlineViewModel.swift in Sources */,
			);
			runOnlyForDeploymentPostprocessing = 0;
		};
/* End PBXSourcesBuildPhase section */

/* Begin PBXVariantGroup section */
		EA4D31C124FFE37200104A33 /* Main.storyboard */ = {
			isa = PBXVariantGroup;
			children = (
				EA4D31C224FFE37200104A33 /* Base */,
			);
			name = Main.storyboard;
			sourceTree = "<group>";
		};
/* End PBXVariantGroup section */

/* Begin XCBuildConfiguration section */
		EA0BD72226F236EA00E4AF57 /* Debug */ = {
			isa = XCBuildConfiguration;
			buildSettings = {
				CODE_SIGN_STYLE = Automatic;
				DEAD_CODE_STRIPPING = YES;
				DEVELOPMENT_TEAM = FPZK4WRGW7;
				PRODUCT_NAME = "$(TARGET_NAME)";
			};
			name = Debug;
		};
		EA0BD72326F236EA00E4AF57 /* Release */ = {
			isa = XCBuildConfiguration;
			buildSettings = {
				CODE_SIGN_STYLE = Automatic;
				DEAD_CODE_STRIPPING = YES;
				DEVELOPMENT_TEAM = FPZK4WRGW7;
				PRODUCT_NAME = "$(TARGET_NAME)";
			};
			name = Release;
		};
		EA4D31C624FFE37200104A33 /* Debug */ = {
			isa = XCBuildConfiguration;
			buildSettings = {
				ALWAYS_SEARCH_USER_PATHS = NO;
				CLANG_ANALYZER_NONNULL = YES;
				CLANG_ANALYZER_NUMBER_OBJECT_CONVERSION = YES_AGGRESSIVE;
				CLANG_CXX_LANGUAGE_STANDARD = "gnu++14";
				CLANG_CXX_LIBRARY = "libc++";
				CLANG_ENABLE_MODULES = YES;
				CLANG_ENABLE_OBJC_ARC = YES;
				CLANG_ENABLE_OBJC_WEAK = YES;
				CLANG_WARN_BLOCK_CAPTURE_AUTORELEASING = YES;
				CLANG_WARN_BOOL_CONVERSION = YES;
				CLANG_WARN_COMMA = YES;
				CLANG_WARN_CONSTANT_CONVERSION = YES;
				CLANG_WARN_DEPRECATED_OBJC_IMPLEMENTATIONS = YES;
				CLANG_WARN_DIRECT_OBJC_ISA_USAGE = YES_ERROR;
				CLANG_WARN_DOCUMENTATION_COMMENTS = YES;
				CLANG_WARN_EMPTY_BODY = YES;
				CLANG_WARN_ENUM_CONVERSION = YES;
				CLANG_WARN_INFINITE_RECURSION = YES;
				CLANG_WARN_INT_CONVERSION = YES;
				CLANG_WARN_NON_LITERAL_NULL_CONVERSION = YES;
				CLANG_WARN_OBJC_IMPLICIT_RETAIN_SELF = YES;
				CLANG_WARN_OBJC_LITERAL_CONVERSION = YES;
				CLANG_WARN_OBJC_ROOT_CLASS = YES_ERROR;
				CLANG_WARN_QUOTED_INCLUDE_IN_FRAMEWORK_HEADER = YES;
				CLANG_WARN_RANGE_LOOP_ANALYSIS = YES;
				CLANG_WARN_STRICT_PROTOTYPES = YES;
				CLANG_WARN_SUSPICIOUS_MOVE = YES;
				CLANG_WARN_UNGUARDED_AVAILABILITY = YES_AGGRESSIVE;
				CLANG_WARN_UNREACHABLE_CODE = YES;
				CLANG_WARN__DUPLICATE_METHOD_MATCH = YES;
				COPY_PHASE_STRIP = NO;
				DEAD_CODE_STRIPPING = YES;
				DEBUG_INFORMATION_FORMAT = dwarf;
				ENABLE_STRICT_OBJC_MSGSEND = YES;
				ENABLE_TESTABILITY = YES;
				GCC_C_LANGUAGE_STANDARD = gnu11;
				GCC_DYNAMIC_NO_PIC = NO;
				GCC_NO_COMMON_BLOCKS = YES;
				GCC_OPTIMIZATION_LEVEL = 0;
				GCC_PREPROCESSOR_DEFINITIONS = (
					"DEBUG=1",
					"$(inherited)",
				);
				GCC_WARN_64_TO_32_BIT_CONVERSION = YES;
				GCC_WARN_ABOUT_RETURN_TYPE = YES_ERROR;
				GCC_WARN_UNDECLARED_SELECTOR = YES;
				GCC_WARN_UNINITIALIZED_AUTOS = YES_AGGRESSIVE;
				GCC_WARN_UNUSED_FUNCTION = YES;
				GCC_WARN_UNUSED_VARIABLE = YES;
				MACOSX_DEPLOYMENT_TARGET = 10.15;
				MTL_ENABLE_DEBUG_INFO = INCLUDE_SOURCE;
				MTL_FAST_MATH = YES;
				ONLY_ACTIVE_ARCH = YES;
				SDKROOT = macosx;
				SWIFT_ACTIVE_COMPILATION_CONDITIONS = DEBUG;
				SWIFT_OPTIMIZATION_LEVEL = "-Onone";
			};
			name = Debug;
		};
		EA4D31C724FFE37200104A33 /* Release */ = {
			isa = XCBuildConfiguration;
			buildSettings = {
				ALWAYS_SEARCH_USER_PATHS = NO;
				CLANG_ANALYZER_NONNULL = YES;
				CLANG_ANALYZER_NUMBER_OBJECT_CONVERSION = YES_AGGRESSIVE;
				CLANG_CXX_LANGUAGE_STANDARD = "gnu++14";
				CLANG_CXX_LIBRARY = "libc++";
				CLANG_ENABLE_MODULES = YES;
				CLANG_ENABLE_OBJC_ARC = YES;
				CLANG_ENABLE_OBJC_WEAK = YES;
				CLANG_WARN_BLOCK_CAPTURE_AUTORELEASING = YES;
				CLANG_WARN_BOOL_CONVERSION = YES;
				CLANG_WARN_COMMA = YES;
				CLANG_WARN_CONSTANT_CONVERSION = YES;
				CLANG_WARN_DEPRECATED_OBJC_IMPLEMENTATIONS = YES;
				CLANG_WARN_DIRECT_OBJC_ISA_USAGE = YES_ERROR;
				CLANG_WARN_DOCUMENTATION_COMMENTS = YES;
				CLANG_WARN_EMPTY_BODY = YES;
				CLANG_WARN_ENUM_CONVERSION = YES;
				CLANG_WARN_INFINITE_RECURSION = YES;
				CLANG_WARN_INT_CONVERSION = YES;
				CLANG_WARN_NON_LITERAL_NULL_CONVERSION = YES;
				CLANG_WARN_OBJC_IMPLICIT_RETAIN_SELF = YES;
				CLANG_WARN_OBJC_LITERAL_CONVERSION = YES;
				CLANG_WARN_OBJC_ROOT_CLASS = YES_ERROR;
				CLANG_WARN_QUOTED_INCLUDE_IN_FRAMEWORK_HEADER = YES;
				CLANG_WARN_RANGE_LOOP_ANALYSIS = YES;
				CLANG_WARN_STRICT_PROTOTYPES = YES;
				CLANG_WARN_SUSPICIOUS_MOVE = YES;
				CLANG_WARN_UNGUARDED_AVAILABILITY = YES_AGGRESSIVE;
				CLANG_WARN_UNREACHABLE_CODE = YES;
				CLANG_WARN__DUPLICATE_METHOD_MATCH = YES;
				COPY_PHASE_STRIP = NO;
				DEAD_CODE_STRIPPING = YES;
				DEBUG_INFORMATION_FORMAT = "dwarf-with-dsym";
				ENABLE_NS_ASSERTIONS = NO;
				ENABLE_STRICT_OBJC_MSGSEND = YES;
				GCC_C_LANGUAGE_STANDARD = gnu11;
				GCC_NO_COMMON_BLOCKS = YES;
				GCC_WARN_64_TO_32_BIT_CONVERSION = YES;
				GCC_WARN_ABOUT_RETURN_TYPE = YES_ERROR;
				GCC_WARN_UNDECLARED_SELECTOR = YES;
				GCC_WARN_UNINITIALIZED_AUTOS = YES_AGGRESSIVE;
				GCC_WARN_UNUSED_FUNCTION = YES;
				GCC_WARN_UNUSED_VARIABLE = YES;
				MACOSX_DEPLOYMENT_TARGET = 10.15;
				MTL_ENABLE_DEBUG_INFO = NO;
				MTL_FAST_MATH = YES;
				SDKROOT = macosx;
				SWIFT_COMPILATION_MODE = wholemodule;
				SWIFT_OPTIMIZATION_LEVEL = "-O";
			};
			name = Release;
		};
		EA4D31C924FFE37200104A33 /* Debug */ = {
			isa = XCBuildConfiguration;
			baseConfigurationReference = 2EC06F9B603664543852B042 /* Pods-WatchFaceDumper.debug.xcconfig */;
			buildSettings = {
				ASSETCATALOG_COMPILER_APPICON_NAME = AppIcon;
				ASSETCATALOG_COMPILER_GLOBAL_ACCENT_COLOR_NAME = AccentColor;
				CODE_SIGN_ENTITLEMENTS = WatchFaceDumper/WatchFaceDumper.entitlements;
				CODE_SIGN_IDENTITY = "-";
				"CODE_SIGN_IDENTITY[sdk=macosx*]" = "-";
				CODE_SIGN_STYLE = Automatic;
				COMBINE_HIDPI_IMAGES = YES;
				DEAD_CODE_STRIPPING = YES;
				DEVELOPMENT_TEAM = HJ3C6V359D;
				INFOPLIST_FILE = WatchFaceDumper/Info.plist;
				LD_RUNPATH_SEARCH_PATHS = (
					"$(inherited)",
					"@executable_path/../Frameworks",
				);
				PRODUCT_BUNDLE_IDENTIFIER = exp.WatchFaceDumper;
				PRODUCT_NAME = "$(TARGET_NAME)";
				SWIFT_VERSION = 5.0;
			};
			name = Debug;
		};
		EA4D31CA24FFE37200104A33 /* Release */ = {
			isa = XCBuildConfiguration;
			baseConfigurationReference = FE8E86D8C8D1F1C494C8E5E4 /* Pods-WatchFaceDumper.release.xcconfig */;
			buildSettings = {
				ASSETCATALOG_COMPILER_APPICON_NAME = AppIcon;
				ASSETCATALOG_COMPILER_GLOBAL_ACCENT_COLOR_NAME = AccentColor;
				CODE_SIGN_ENTITLEMENTS = WatchFaceDumper/WatchFaceDumper.entitlements;
				CODE_SIGN_IDENTITY = "-";
				"CODE_SIGN_IDENTITY[sdk=macosx*]" = "-";
				CODE_SIGN_STYLE = Automatic;
				COMBINE_HIDPI_IMAGES = YES;
				DEAD_CODE_STRIPPING = YES;
				DEVELOPMENT_TEAM = HJ3C6V359D;
				INFOPLIST_FILE = WatchFaceDumper/Info.plist;
				LD_RUNPATH_SEARCH_PATHS = (
					"$(inherited)",
					"@executable_path/../Frameworks",
				);
				PRODUCT_BUNDLE_IDENTIFIER = exp.WatchFaceDumper;
				PRODUCT_NAME = "$(TARGET_NAME)";
				SWIFT_VERSION = 5.0;
			};
			name = Release;
		};
/* End XCBuildConfiguration section */

/* Begin XCConfigurationList section */
		EA0BD72126F236EA00E4AF57 /* Build configuration list for PBXAggregateTarget "podspec" */ = {
			isa = XCConfigurationList;
			buildConfigurations = (
				EA0BD72226F236EA00E4AF57 /* Debug */,
				EA0BD72326F236EA00E4AF57 /* Release */,
			);
			defaultConfigurationIsVisible = 0;
			defaultConfigurationName = Release;
		};
		EA4D31B124FFE37100104A33 /* Build configuration list for PBXProject "WatchFaceDumper" */ = {
			isa = XCConfigurationList;
			buildConfigurations = (
				EA4D31C624FFE37200104A33 /* Debug */,
				EA4D31C724FFE37200104A33 /* Release */,
			);
			defaultConfigurationIsVisible = 0;
			defaultConfigurationName = Release;
		};
		EA4D31C824FFE37200104A33 /* Build configuration list for PBXNativeTarget "WatchFaceDumper" */ = {
			isa = XCConfigurationList;
			buildConfigurations = (
				EA4D31C924FFE37200104A33 /* Debug */,
				EA4D31CA24FFE37200104A33 /* Release */,
			);
			defaultConfigurationIsVisible = 0;
			defaultConfigurationName = Release;
		};
/* End XCConfigurationList section */
	};
	rootObject = EA4D31AE24FFE37100104A33 /* Project object */;
}
